
Microsoft Visual Studio Solution File, Format Version 12.00
# Visual Studio Version 17
VisualStudioVersion = 17.4.33403.182
MinimumVisualStudioVersion = 10.0.40219.1
Project("{FAE04EC0-301F-11D3-BF4B-00C04F79EFBC}") = "Organi", "Organi\Organi.csproj", "{0AD543A6-C984-4AC7-BBA3-287CE90170BF}"
EndProject
Global
	GlobalSection(SolutionConfigurationPlatforms) = preSolution
		Debug|Any CPU = Debug|Any CPU
		Release|Any CPU = Release|Any CPU
	EndGlobalSection
	GlobalSection(ProjectConfigurationPlatforms) = postSolution
		{0AD543A6-C984-4AC7-BBA3-287CE90170BF}.Debug|Any CPU.ActiveCfg = Debug|Any CPU
		{0AD543A6-C984-4AC7-BBA3-287CE90170BF}.Debug|Any CPU.Build.0 = Debug|Any CPU
		{0AD543A6-C984-4AC7-BBA3-287CE90170BF}.Release|Any CPU.ActiveCfg = Release|Any CPU
		{0AD543A6-C984-4AC7-BBA3-287CE90170BF}.Release|Any CPU.Build.0 = Release|Any CPU
	EndGlobalSection
	GlobalSection(SolutionProperties) = preSolution
		HideSolutionNode = FALSE
	EndGlobalSection
	GlobalSection(ExtensibilityGlobals) = postSolution
		SolutionGuid = {CD4251BD-32BA-4BE8-B982-C02C74C79FB2}
	EndGlobalSection
EndGlobal
